{
  "name": "visualgraph",
  "version": "0.1.0",
  "lockfileVersion": 1,
  "requires": true,
  "dependencies": {
    "@trust/keyto": {
      "version": "0.3.4",
      "resolved": "https://registry.npmjs.org/@trust/keyto/-/keyto-0.3.4.tgz",
      "integrity": "sha512-OAqKvuSEPIu2zCnIHzBthvGnV8nKmpv7cBlRMngLzJZzZI9CanyuSfnEI1xC4sH4TwqA0XJR7Mb0oX4bwymXIw==",
      "requires": {
        "asn1.js": "^4.9.1",
        "base64url": "^3.0.0",
        "elliptic": "^6.4.0"
      }
    },
    "@trust/webcrypto": {
      "version": "0.9.2",
      "resolved": "https://registry.npmjs.org/@trust/webcrypto/-/webcrypto-0.9.2.tgz",
      "integrity": "sha512-5iMAVcGYKhqLJGjefB1nzuQSqUJTru0nG4CytpBT/GGp1Piz/MVnj2jORdYf4JBYzggCIa8WZUr2rchP2Ngn/w==",
      "requires": {
        "@trust/keyto": "^0.3.4",
        "base64url": "^3.0.0",
        "elliptic": "^6.4.0",
        "node-rsa": "^0.4.0",
        "text-encoding": "^0.6.1"
      },
      "dependencies": {
        "text-encoding": {
          "version": "0.6.4",
          "resolved": "http://registry.npmjs.org/text-encoding/-/text-encoding-0.6.4.tgz",
          "integrity": "sha1-45mpgiV6J22uQou5KEXLcb3CbRk="
        }
      }
    },
    "asn1": {
      "version": "0.2.3",
      "resolved": "https://registry.npmjs.org/asn1/-/asn1-0.2.3.tgz",
      "integrity": "sha1-2sh4dxPJlmhJ/IGAd36+nB3fO4Y="
    },
    "asn1.js": {
      "version": "4.10.1",
      "resolved": "https://registry.npmjs.org/asn1.js/-/asn1.js-4.10.1.tgz",
      "integrity": "sha512-p32cOF5q0Zqs9uBiONKYLm6BClCoBCM5O9JfeUSlnQLBTxYdTK+pW+nXflm8UkKd2UYlEbYz5qEi0JuZR9ckSw==",
      "requires": {
        "bn.js": "^4.0.0",
        "inherits": "^2.0.1",
        "minimalistic-assert": "^1.0.0"
      }
    },
    "async-limiter": {
      "version": "1.0.0",
      "resolved": "https://registry.npmjs.org/async-limiter/-/async-limiter-1.0.0.tgz",
      "integrity": "sha512-jp/uFnooOiO+L211eZOoSyzpOITMXx1rBITauYykG3BRYPu8h0UcxsPNB04RR5vo4Tyz3+ay17tR6JVf9qzYWg=="
    },
    "base64url": {
      "version": "3.0.0",
      "resolved": "https://registry.npmjs.org/base64url/-/base64url-3.0.0.tgz",
      "integrity": "sha512-LIVmqIrIWuiqTvn4RzcrwCOuHo2DD6tKmKBPXXlr4p4n4l6BZBkwFTIa3zu1XkX5MbZgro4a6BvPi+n2Mns5Gg=="
    },
    "bn.js": {
      "version": "4.11.8",
      "resolved": "https://registry.npmjs.org/bn.js/-/bn.js-4.11.8.tgz",
      "integrity": "sha512-ItfYfPLkWHUjckQCk8xC+LwxgK8NYcXywGigJgSwOP8Y2iyWT4f2vsZnoOXTTbo+o5yXmIUJ4gn5538SO5S3gA=="
    },
    "brorand": {
      "version": "1.1.0",
      "resolved": "https://registry.npmjs.org/brorand/-/brorand-1.1.0.tgz",
      "integrity": "sha1-EsJe/kCkXjwyPrhnWgoM5XsiNx8="
    },
    "elliptic": {
      "version": "6.4.1",
      "resolved": "https://registry.npmjs.org/elliptic/-/elliptic-6.4.1.tgz",
      "integrity": "sha512-BsXLz5sqX8OHcsh7CqBMztyXARmGQ3LWPtGjJi6DiJHq5C/qvi9P3OqgswKSDftbu8+IoI/QDTAm2fFnQ9SZSQ==",
      "requires": {
        "bn.js": "^4.4.0",
        "brorand": "^1.0.1",
        "hash.js": "^1.0.0",
        "hmac-drbg": "^1.0.0",
        "inherits": "^2.0.1",
        "minimalistic-assert": "^1.0.0",
        "minimalistic-crypto-utils": "^1.0.0"
      }
    },
    "gun": {
      "version": "0.9.99995",
      "resolved": "https://registry.npmjs.org/gun/-/gun-0.9.99995.tgz",
      "integrity": "sha512-5BI3dkDNmEJ6XKAHiTtH9IL9/zxTDdEYxtQWh/h/CEIatkFjHF48e9j6MJ1jJpvSMZ/2PxOAS1S/G79Hdfw6SA==",
      "requires": {
        "ws": "~>5.2.0"
      }
    },
    "hash.js": {
      "version": "1.1.5",
      "resolved": "https://registry.npmjs.org/hash.js/-/hash.js-1.1.5.tgz",
      "integrity": "sha512-eWI5HG9Np+eHV1KQhisXWwM+4EPPYe5dFX1UZZH7k/E3JzDEazVH+VGlZi6R94ZqImq+A3D1mCEtrFIfg/E7sA==",
      "requires": {
        "inherits": "^2.0.3",
        "minimalistic-assert": "^1.0.1"
      }
    },
    "hmac-drbg": {
      "version": "1.0.1",
      "resolved": "https://registry.npmjs.org/hmac-drbg/-/hmac-drbg-1.0.1.tgz",
      "integrity": "sha1-0nRXAQJabHdabFRXk+1QL8DGSaE=",
      "requires": {
        "hash.js": "^1.0.3",
        "minimalistic-assert": "^1.0.0",
        "minimalistic-crypto-utils": "^1.0.1"
      }
    },
    "inherits": {
      "version": "2.0.3",
      "resolved": "https://registry.npmjs.org/inherits/-/inherits-2.0.3.tgz",
      "integrity": "sha1-Yzwsg+PaQqUC9SRmAiSA9CCCYd4="
    },
    "minimalistic-assert": {
      "version": "1.0.1",
      "resolved": "https://registry.npmjs.org/minimalistic-assert/-/minimalistic-assert-1.0.1.tgz",
      "integrity": "sha512-UtJcAD4yEaGtjPezWuO9wC4nwUnVH/8/Im3yEHQP4b67cXlD/Qr9hdITCU1xDbSEXg2XKNaP8jsReV7vQd00/A=="
    },
    "minimalistic-crypto-utils": {
      "version": "1.0.1",
      "resolved": "https://registry.npmjs.org/minimalistic-crypto-utils/-/minimalistic-crypto-utils-1.0.1.tgz",
      "integrity": "sha1-9sAMHAsIIkblxNmd+4x8CDsrWCo="
    },
    "minimist": {
      "version": "0.0.8",
      "resolved": "http://registry.npmjs.org/minimist/-/minimist-0.0.8.tgz",
      "integrity": "sha1-hX/Kv8M5fSYluCKCYuhqp6ARsF0="
    },
    "mkdirp": {
      "version": "0.5.1",
      "resolved": "http://registry.npmjs.org/mkdirp/-/mkdirp-0.5.1.tgz",
      "integrity": "sha1-MAV0OOrGz3+MR2fzhkjWaX11yQM=",
      "requires": {
        "minimist": "0.0.8"
      }
    },
    "nan": {
      "version": "2.11.1",
      "resolved": "https://registry.npmjs.org/nan/-/nan-2.11.1.tgz",
      "integrity": "sha512-iji6k87OSXa0CcrLl9z+ZiYSuR2o+c0bGuNmXdrhTQTakxytAFsC56SArGYoiHlJlFoHSnvmhpceZJaXkVuOtA=="
    },
    "node-rsa": {
      "version": "0.4.2",
      "resolved": "https://registry.npmjs.org/node-rsa/-/node-rsa-0.4.2.tgz",
      "integrity": "sha1-1jkXKewWqDDtWjgEKzFX0tXXJTA=",
      "requires": {
        "asn1": "0.2.3"
      }
    },
    "node-webcrypto-ossl": {
      "version": "1.0.38",
      "resolved": "https://registry.npmjs.org/node-webcrypto-ossl/-/node-webcrypto-ossl-1.0.38.tgz",
      "integrity": "sha512-UiQcDiBDNzaZbP0WVgz4QvVTVI4uR4jrFAtOtFsKbDDNOMFWc9+3mVeiF1hVvdLlv3ILC0ODgs8Wp/hp7SMoLA==",
      "requires": {
        "mkdirp": "^0.5.1",
        "nan": "^2.10.0",
        "tslib": "^1.9.0",
        "webcrypto-core": "^0.1.22"
      }
    },
    "sparqljs": {
      "version": "2.1.0",
      "resolved": "https://registry.npmjs.org/sparqljs/-/sparqljs-2.1.0.tgz",
      "integrity": "sha512-WXb2utLh6A9tbpkz4I23grNuv42fh2ttxGONLz1mz5TvZtJEelody0jEpC7U84cZZn+sNqOQSTdv+kcESHlGqw=="
    },
    "text-encoding": {
      "version": "0.7.0",
      "resolved": "https://registry.npmjs.org/text-encoding/-/text-encoding-0.7.0.tgz",
      "integrity": "sha512-oJQ3f1hrOnbRLOcwKz0Liq2IcrvDeZRHXhd9RgLrsT+DjWY/nty1Hi7v3dtkaEYbPYe0mUoOfzRrMwfXXwgPUA=="
    },
    "tslib": {
      "version": "1.9.3",
      "resolved": "https://registry.npmjs.org/tslib/-/tslib-1.9.3.tgz",
      "integrity": "sha512-4krF8scpejhaOgqzBEcGM7yDIEfi0/8+8zDRZhNZZ2kjmHJ4hv3zCbQWxoJGz1iw5U0Jl0nma13xzHXcncMavQ=="
    },
    "webcrypto-core": {
      "version": "0.1.25",
      "resolved": "https://registry.npmjs.org/webcrypto-core/-/webcrypto-core-0.1.25.tgz",
      "integrity": "sha512-BjpHEls+jFGwGngxbX7NR1Swnw3vTF0aAYAd42wulMdxd2MHXAgp1V3ZYlLALEvGu8do5HeZcCNW70JsnR5BFQ==",
      "requires": {
        "tslib": "^1.7.1"
      }
    },
    "ws": {
      "version": "5.2.2",
      "resolved": "https://registry.npmjs.org/ws/-/ws-5.2.2.tgz",
      "integrity": "sha512-jaHFD6PFv6UgoIVda6qZllptQsMlDEJkTQcybzzXDYM1XO9Y8em691FGMPmM46WGyLU4z9KMgQN+qrux/nhlHA==",
      "requires": {
        "async-limiter": "~1.0.0"
      }
    }
  }
}
